
Microsoft Visual Studio Solution File, Format Version 12.00
# Visual Studio Version 17
VisualStudioVersion = 17.8.34330.188
MinimumVisualStudioVersion = 10.0.40219.1
Project("{9A19103F-16F7-4668-BE54-9A1E7A4F7556}") = "MonogameGamesSource", "Project1\MonogameGamesSource.csproj", "{B85CAC50-EE92-4645-9ADD-622317E0CED9}"
EndProject
Global
	GlobalSection(SolutionConfigurationPlatforms) = preSolution
		Debug|Any CPU = Debug|Any CPU
		Release|Any CPU = Release|Any CPU
	EndGlobalSection
	GlobalSection(ProjectConfigurationPlatforms) = postSolution
		{B85CAC50-EE92-4645-9ADD-622317E0CED9}.Debug|Any CPU.ActiveCfg = Debug|Any CPU
		{B85CAC50-EE92-4645-9ADD-622317E0CED9}.Debug|Any CPU.Build.0 = Debug|Any CPU
		{B85CAC50-EE92-4645-9ADD-622317E0CED9}.Release|Any CPU.ActiveCfg = Release|Any CPU
		{B85CAC50-EE92-4645-9ADD-622317E0CED9}.Release|Any CPU.Build.0 = Release|Any CPU
	EndGlobalSection
	GlobalSection(SolutionProperties) = preSolution
		HideSolutionNode = FALSE
	EndGlobalSection
	GlobalSection(ExtensibilityGlobals) = postSolution
		SolutionGuid = {FD8BDF64-5142-455F-92A3-DCCE1D6B1C0B}
	EndGlobalSection
EndGlobal
